
Microsoft Visual Studio Solution File, Format Version 12.00
# Visual Studio Version 16
VisualStudioVersion = 16.0.30225.117
MinimumVisualStudioVersion = 10.0.40219.1
Project("{FAE04EC0-301F-11D3-BF4B-00C04F79EFBC}") = "BackgroundTaskExecutorNuget", "BackgroundTaskExecutorNuget\BackgroundTaskExecutorNuget.csproj", "{5891F6EA-43DE-45D4-A321-191D8EA1C4A2}"
EndProject
Project("{2150E333-8FDC-42A3-9474-1A3956D46DE8}") = "_", "_", "{57D43E14-80FD-4A24-BC4C-CA58AB4593D8}"
	ProjectSection(SolutionItems) = preProject
		.gitignore = .gitignore
		.gitlab-ci.yml = .gitlab-ci.yml
	EndProjectSection
EndProject
Project("{FAE04EC0-301F-11D3-BF4B-00C04F79EFBC}") = "BackgroundTaskExecutorTests", "BackgroundTaskExecutorTests\BackgroundTaskExecutorTests.csproj", "{4BC08760-B0AF-455B-B8CD-4413AAEA2DC7}"
EndProject
Global
	GlobalSection(SolutionConfigurationPlatforms) = preSolution
		Debug|Any CPU = Debug|Any CPU
		Release|Any CPU = Release|Any CPU
	EndGlobalSection
	GlobalSection(ProjectConfigurationPlatforms) = postSolution
		{5891F6EA-43DE-45D4-A321-191D8EA1C4A2}.Debug|Any CPU.ActiveCfg = Debug|Any CPU
		{5891F6EA-43DE-45D4-A321-191D8EA1C4A2}.Debug|Any CPU.Build.0 = Debug|Any CPU
		{5891F6EA-43DE-45D4-A321-191D8EA1C4A2}.Release|Any CPU.ActiveCfg = Release|Any CPU
		{5891F6EA-43DE-45D4-A321-191D8EA1C4A2}.Release|Any CPU.Build.0 = Release|Any CPU
		{4BC08760-B0AF-455B-B8CD-4413AAEA2DC7}.Debug|Any CPU.ActiveCfg = Debug|Any CPU
		{4BC08760-B0AF-455B-B8CD-4413AAEA2DC7}.Debug|Any CPU.Build.0 = Debug|Any CPU
		{4BC08760-B0AF-455B-B8CD-4413AAEA2DC7}.Release|Any CPU.ActiveCfg = Release|Any CPU
		{4BC08760-B0AF-455B-B8CD-4413AAEA2DC7}.Release|Any CPU.Build.0 = Release|Any CPU
	EndGlobalSection
	GlobalSection(SolutionProperties) = preSolution
		HideSolutionNode = FALSE
	EndGlobalSection
	GlobalSection(ExtensibilityGlobals) = postSolution
		SolutionGuid = {D03FF246-307C-492A-BB30-CE27749EE2DC}
	EndGlobalSection
EndGlobal
